// !$*UTF8*$!
{
	archiveVersion = 1;
	classes = {
	};
	objectVersion = 56;
	objects = {

/* Begin PBXBuildFile section */
		167E9D3B2F28EA08CF419275 /* Pods_Solid_Principles.framework in Frameworks */ = {isa = PBXBuildFile; fileRef = 4097488E748495948EA17789 /* Pods_Solid_Principles.framework */; };
		623A7ADDE8DB1164058BDB27 /* Pods_Solid_PrinciplesTests.framework in Frameworks */ = {isa = PBXBuildFile; fileRef = 28541EDFC0A02673F5D2CE77 /* Pods_Solid_PrinciplesTests.framework */; };
		FC233BCA2AA8331700E5CBF2 /* NetworkService.swift in Sources */ = {isa = PBXBuildFile; fileRef = FC233BC92AA8331700E5CBF2 /* NetworkService.swift */; };
		FC233BCF2AA8AC9800E5CBF2 /* CoreDataManager.swift in Sources */ = {isa = PBXBuildFile; fileRef = FC233BCE2AA8AC9800E5CBF2 /* CoreDataManager.swift */; };
		FC233BD72AA8ACC900E5CBF2 /* Solid_PrinciplesTests.swift in Sources */ = {isa = PBXBuildFile; fileRef = FC233BD62AA8ACC900E5CBF2 /* Solid_PrinciplesTests.swift */; };
		FC233BDF2AA8AE8B00E5CBF2 /* SolidPrinciples.xcdatamodeld in Sources */ = {isa = PBXBuildFile; fileRef = FC233BDD2AA8AE8B00E5CBF2 /* SolidPrinciples.xcdatamodeld */; };
		FC233BE42AA8AF6700E5CBF2 /* User+CoreDataClass.swift in Sources */ = {isa = PBXBuildFile; fileRef = FC233BE02AA8AF6700E5CBF2 /* User+CoreDataClass.swift */; };
		FC233BE52AA8AF6700E5CBF2 /* User+CoreDataProperties.swift in Sources */ = {isa = PBXBuildFile; fileRef = FC233BE12AA8AF6700E5CBF2 /* User+CoreDataProperties.swift */; };
		FC233BE62AA8AF6700E5CBF2 /* Comment+CoreDataClass.swift in Sources */ = {isa = PBXBuildFile; fileRef = FC233BE22AA8AF6700E5CBF2 /* Comment+CoreDataClass.swift */; };
		FC233BE72AA8AF6700E5CBF2 /* Comment+CoreDataProperties.swift in Sources */ = {isa = PBXBuildFile; fileRef = FC233BE32AA8AF6700E5CBF2 /* Comment+CoreDataProperties.swift */; };
		FCEA8A052AA4415C001C4108 /* Solid_PrinciplesApp.swift in Sources */ = {isa = PBXBuildFile; fileRef = FCEA8A042AA4415C001C4108 /* Solid_PrinciplesApp.swift */; };
		FCEA8A072AA4415C001C4108 /* ContentView.swift in Sources */ = {isa = PBXBuildFile; fileRef = FCEA8A062AA4415C001C4108 /* ContentView.swift */; };
		FCEA8A092AA4415D001C4108 /* Assets.xcassets in Resources */ = {isa = PBXBuildFile; fileRef = FCEA8A082AA4415D001C4108 /* Assets.xcassets */; };
		FCEA8A0C2AA4415D001C4108 /* Preview Assets.xcassets in Resources */ = {isa = PBXBuildFile; fileRef = FCEA8A0B2AA4415D001C4108 /* Preview Assets.xcassets */; };
		FCEA8A142AA45AE3001C4108 /* ResponseViewModel.swift in Sources */ = {isa = PBXBuildFile; fileRef = FCEA8A132AA45AE3001C4108 /* ResponseViewModel.swift */; };
		FCEA8A172AA45BDA001C4108 /* ResponseModel.swift in Sources */ = {isa = PBXBuildFile; fileRef = FCEA8A162AA45BDA001C4108 /* ResponseModel.swift */; };
/* End PBXBuildFile section */

/* Begin PBXContainerItemProxy section */
		FC233BD82AA8ACC900E5CBF2 /* PBXContainerItemProxy */ = {
			isa = PBXContainerItemProxy;
			containerPortal = FCEA89F92AA4415C001C4108 /* Project object */;
			proxyType = 1;
			remoteGlobalIDString = FCEA8A002AA4415C001C4108;
			remoteInfo = "Solid Principles";
		};
/* End PBXContainerItemProxy section */

/* Begin PBXFileReference section */
		28541EDFC0A02673F5D2CE77 /* Pods_Solid_PrinciplesTests.framework */ = {isa = PBXFileReference; explicitFileType = wrapper.framework; includeInIndex = 0; path = Pods_Solid_PrinciplesTests.framework; sourceTree = BUILT_PRODUCTS_DIR; };
		2F03AB98FEB0EE226015A140 /* Pods-Solid PrinciplesTests.release.xcconfig */ = {isa = PBXFileReference; includeInIndex = 1; lastKnownFileType = text.xcconfig; name = "Pods-Solid PrinciplesTests.release.xcconfig"; path = "Target Support Files/Pods-Solid PrinciplesTests/Pods-Solid PrinciplesTests.release.xcconfig"; sourceTree = "<group>"; };
		3F3E89F201ED7E18829E160E /* Pods-Solid PrinciplesTests.debug.xcconfig */ = {isa = PBXFileReference; includeInIndex = 1; lastKnownFileType = text.xcconfig; name = "Pods-Solid PrinciplesTests.debug.xcconfig"; path = "Target Support Files/Pods-Solid PrinciplesTests/Pods-Solid PrinciplesTests.debug.xcconfig"; sourceTree = "<group>"; };
		4097488E748495948EA17789 /* Pods_Solid_Principles.framework */ = {isa = PBXFileReference; explicitFileType = wrapper.framework; includeInIndex = 0; path = Pods_Solid_Principles.framework; sourceTree = BUILT_PRODUCTS_DIR; };
		783AB0638BEE7B5C086C48B0 /* Pods-Solid Principles.release.xcconfig */ = {isa = PBXFileReference; includeInIndex = 1; lastKnownFileType = text.xcconfig; name = "Pods-Solid Principles.release.xcconfig"; path = "Target Support Files/Pods-Solid Principles/Pods-Solid Principles.release.xcconfig"; sourceTree = "<group>"; };
		E7BFE8B7718C846D3CA5A260 /* Pods-Solid Principles.debug.xcconfig */ = {isa = PBXFileReference; includeInIndex = 1; lastKnownFileType = text.xcconfig; name = "Pods-Solid Principles.debug.xcconfig"; path = "Target Support Files/Pods-Solid Principles/Pods-Solid Principles.debug.xcconfig"; sourceTree = "<group>"; };
		FC233BC92AA8331700E5CBF2 /* NetworkService.swift */ = {isa = PBXFileReference; lastKnownFileType = sourcecode.swift; path = NetworkService.swift; sourceTree = "<group>"; };
		FC233BCE2AA8AC9800E5CBF2 /* CoreDataManager.swift */ = {isa = PBXFileReference; lastKnownFileType = sourcecode.swift; path = CoreDataManager.swift; sourceTree = "<group>"; };
		FC233BD42AA8ACC900E5CBF2 /* Solid PrinciplesTests.xctest */ = {isa = PBXFileReference; explicitFileType = wrapper.cfbundle; includeInIndex = 0; path = "Solid PrinciplesTests.xctest"; sourceTree = BUILT_PRODUCTS_DIR; };
		FC233BD62AA8ACC900E5CBF2 /* Solid_PrinciplesTests.swift */ = {isa = PBXFileReference; lastKnownFileType = sourcecode.swift; path = Solid_PrinciplesTests.swift; sourceTree = "<group>"; };
		FC233BDE2AA8AE8B00E5CBF2 /* SolidPrinciples.xcdatamodel */ = {isa = PBXFileReference; lastKnownFileType = wrapper.xcdatamodel; path = SolidPrinciples.xcdatamodel; sourceTree = "<group>"; };
		FC233BE02AA8AF6700E5CBF2 /* User+CoreDataClass.swift */ = {isa = PBXFileReference; lastKnownFileType = sourcecode.swift; path = "User+CoreDataClass.swift"; sourceTree = SOURCE_ROOT; };
		FC233BE12AA8AF6700E5CBF2 /* User+CoreDataProperties.swift */ = {isa = PBXFileReference; lastKnownFileType = sourcecode.swift; path = "User+CoreDataProperties.swift"; sourceTree = SOURCE_ROOT; };
		FC233BE22AA8AF6700E5CBF2 /* Comment+CoreDataClass.swift */ = {isa = PBXFileReference; lastKnownFileType = sourcecode.swift; path = "Comment+CoreDataClass.swift"; sourceTree = SOURCE_ROOT; };
		FC233BE32AA8AF6700E5CBF2 /* Comment+CoreDataProperties.swift */ = {isa = PBXFileReference; lastKnownFileType = sourcecode.swift; path = "Comment+CoreDataProperties.swift"; sourceTree = SOURCE_ROOT; };
		FCEA8A012AA4415C001C4108 /* Solid Principles.app */ = {isa = PBXFileReference; explicitFileType = wrapper.application; includeInIndex = 0; path = "Solid Principles.app"; sourceTree = BUILT_PRODUCTS_DIR; };
		FCEA8A042AA4415C001C4108 /* Solid_PrinciplesApp.swift */ = {isa = PBXFileReference; lastKnownFileType = sourcecode.swift; path = Solid_PrinciplesApp.swift; sourceTree = "<group>"; };
		FCEA8A062AA4415C001C4108 /* ContentView.swift */ = {isa = PBXFileReference; lastKnownFileType = sourcecode.swift; path = ContentView.swift; sourceTree = "<group>"; };
		FCEA8A082AA4415D001C4108 /* Assets.xcassets */ = {isa = PBXFileReference; lastKnownFileType = folder.assetcatalog; path = Assets.xcassets; sourceTree = "<group>"; };
		FCEA8A0B2AA4415D001C4108 /* Preview Assets.xcassets */ = {isa = PBXFileReference; lastKnownFileType = folder.assetcatalog; path = "Preview Assets.xcassets"; sourceTree = "<group>"; };
		FCEA8A132AA45AE3001C4108 /* ResponseViewModel.swift */ = {isa = PBXFileReference; lastKnownFileType = sourcecode.swift; path = ResponseViewModel.swift; sourceTree = "<group>"; };
		FCEA8A162AA45BDA001C4108 /* ResponseModel.swift */ = {isa = PBXFileReference; lastKnownFileType = sourcecode.swift; path = ResponseModel.swift; sourceTree = "<group>"; };
/* End PBXFileReference section */

/* Begin PBXFrameworksBuildPhase section */
		FC233BD12AA8ACC900E5CBF2 /* Frameworks */ = {
			isa = PBXFrameworksBuildPhase;
			buildActionMask = 2147483647;
			files = (
				623A7ADDE8DB1164058BDB27 /* Pods_Solid_PrinciplesTests.framework in Frameworks */,
			);
			runOnlyForDeploymentPostprocessing = 0;
		};
		FCEA89FE2AA4415C001C4108 /* Frameworks */ = {
			isa = PBXFrameworksBuildPhase;
			buildActionMask = 2147483647;
			files = (
				167E9D3B2F28EA08CF419275 /* Pods_Solid_Principles.framework in Frameworks */,
			);
			runOnlyForDeploymentPostprocessing = 0;
		};
/* End PBXFrameworksBuildPhase section */

/* Begin PBXGroup section */
		D3BD1020632392312DC27663 /* Frameworks */ = {
			isa = PBXGroup;
			children = (
				4097488E748495948EA17789 /* Pods_Solid_Principles.framework */,
				28541EDFC0A02673F5D2CE77 /* Pods_Solid_PrinciplesTests.framework */,
			);
			name = Frameworks;
			sourceTree = "<group>";
		};
		EE251514850D35DD930EA645 /* Pods */ = {
			isa = PBXGroup;
			children = (
				E7BFE8B7718C846D3CA5A260 /* Pods-Solid Principles.debug.xcconfig */,
				783AB0638BEE7B5C086C48B0 /* Pods-Solid Principles.release.xcconfig */,
				3F3E89F201ED7E18829E160E /* Pods-Solid PrinciplesTests.debug.xcconfig */,
				2F03AB98FEB0EE226015A140 /* Pods-Solid PrinciplesTests.release.xcconfig */,
			);
			path = Pods;
			sourceTree = "<group>";
		};
		FC233BC82AA8330100E5CBF2 /* NetworkManager */ = {
			isa = PBXGroup;
			children = (
				FC233BC92AA8331700E5CBF2 /* NetworkService.swift */,
			);
			path = NetworkManager;
			sourceTree = "<group>";
		};
		FC233BCD2AA8AC7900E5CBF2 /* DatabaseManager */ = {
			isa = PBXGroup;
			children = (
				FC233BE02AA8AF6700E5CBF2 /* User+CoreDataClass.swift */,
				FC233BE12AA8AF6700E5CBF2 /* User+CoreDataProperties.swift */,
				FC233BE22AA8AF6700E5CBF2 /* Comment+CoreDataClass.swift */,
				FC233BE32AA8AF6700E5CBF2 /* Comment+CoreDataProperties.swift */,
				FC233BCE2AA8AC9800E5CBF2 /* CoreDataManager.swift */,
				FC233BDD2AA8AE8B00E5CBF2 /* SolidPrinciples.xcdatamodeld */,
			);
			path = DatabaseManager;
			sourceTree = "<group>";
		};
		FC233BD52AA8ACC900E5CBF2 /* Solid PrinciplesTests */ = {
			isa = PBXGroup;
			children = (
				FC233BD62AA8ACC900E5CBF2 /* Solid_PrinciplesTests.swift */,
			);
			path = "Solid PrinciplesTests";
			sourceTree = "<group>";
		};
		FCEA89F82AA4415C001C4108 = {
			isa = PBXGroup;
			children = (
				FCEA8A032AA4415C001C4108 /* Solid Principles */,
				FC233BD52AA8ACC900E5CBF2 /* Solid PrinciplesTests */,
				FCEA8A022AA4415C001C4108 /* Products */,
				EE251514850D35DD930EA645 /* Pods */,
				D3BD1020632392312DC27663 /* Frameworks */,
			);
			sourceTree = "<group>";
		};
		FCEA8A022AA4415C001C4108 /* Products */ = {
			isa = PBXGroup;
			children = (
				FCEA8A012AA4415C001C4108 /* Solid Principles.app */,
				FC233BD42AA8ACC900E5CBF2 /* Solid PrinciplesTests.xctest */,
			);
			name = Products;
			sourceTree = "<group>";
		};
		FCEA8A032AA4415C001C4108 /* Solid Principles */ = {
			isa = PBXGroup;
			children = (
				FC233BCD2AA8AC7900E5CBF2 /* DatabaseManager */,
				FC233BC82AA8330100E5CBF2 /* NetworkManager */,
				FCEA8A152AA45BC9001C4108 /* Model */,
				FCEA8A122AA45AD0001C4108 /* ViewModel */,
				FCEA8A042AA4415C001C4108 /* Solid_PrinciplesApp.swift */,
				FCEA8A062AA4415C001C4108 /* ContentView.swift */,
				FCEA8A082AA4415D001C4108 /* Assets.xcassets */,
				FCEA8A0A2AA4415D001C4108 /* Preview Content */,
			);
			path = "Solid Principles";
			sourceTree = "<group>";
		};
		FCEA8A0A2AA4415D001C4108 /* Preview Content */ = {
			isa = PBXGroup;
			children = (
				FCEA8A0B2AA4415D001C4108 /* Preview Assets.xcassets */,
			);
			path = "Preview Content";
			sourceTree = "<group>";
		};
		FCEA8A122AA45AD0001C4108 /* ViewModel */ = {
			isa = PBXGroup;
			children = (
				FCEA8A132AA45AE3001C4108 /* ResponseViewModel.swift */,
			);
			path = ViewModel;
			sourceTree = "<group>";
		};
		FCEA8A152AA45BC9001C4108 /* Model */ = {
			isa = PBXGroup;
			children = (
				FCEA8A162AA45BDA001C4108 /* ResponseModel.swift */,
			);
			path = Model;
			sourceTree = "<group>";
		};
/* End PBXGroup section */

/* Begin PBXNativeTarget section */
		FC233BD32AA8ACC900E5CBF2 /* Solid PrinciplesTests */ = {
			isa = PBXNativeTarget;
			buildConfigurationList = FC233BDA2AA8ACC900E5CBF2 /* Build configuration list for PBXNativeTarget "Solid PrinciplesTests" */;
			buildPhases = (
				CD04A354E9AFCD4F4DAEF946 /* [CP] Check Pods Manifest.lock */,
				FC233BD02AA8ACC900E5CBF2 /* Sources */,
				FC233BD12AA8ACC900E5CBF2 /* Frameworks */,
				FC233BD22AA8ACC900E5CBF2 /* Resources */,
				AF711176ACEB79EA8CE6E437 /* [CP] Embed Pods Frameworks */,
			);
			buildRules = (
			);
			dependencies = (
				FC233BD92AA8ACC900E5CBF2 /* PBXTargetDependency */,
			);
			name = "Solid PrinciplesTests";
			productName = "Solid PrinciplesTests";
			productReference = FC233BD42AA8ACC900E5CBF2 /* Solid PrinciplesTests.xctest */;
			productType = "com.apple.product-type.bundle.unit-test";
		};
		FCEA8A002AA4415C001C4108 /* Solid Principles */ = {
			isa = PBXNativeTarget;
			buildConfigurationList = FCEA8A0F2AA4415D001C4108 /* Build configuration list for PBXNativeTarget "Solid Principles" */;
			buildPhases = (
				5873EB0E2C57C991F5373D25 /* [CP] Check Pods Manifest.lock */,
				FCEA89FD2AA4415C001C4108 /* Sources */,
				FCEA89FE2AA4415C001C4108 /* Frameworks */,
				FCEA89FF2AA4415C001C4108 /* Resources */,
			);
			buildRules = (
			);
			dependencies = (
			);
			name = "Solid Principles";
			productName = "Solid Principles";
			productReference = FCEA8A012AA4415C001C4108 /* Solid Principles.app */;
			productType = "com.apple.product-type.application";
		};
/* End PBXNativeTarget section */

/* Begin PBXProject section */
		FCEA89F92AA4415C001C4108 /* Project object */ = {
			isa = PBXProject;
			attributes = {
				BuildIndependentTargetsInParallel = 1;
				LastSwiftUpdateCheck = 1430;
				LastUpgradeCheck = 1430;
				TargetAttributes = {
					FC233BD32AA8ACC900E5CBF2 = {
						CreatedOnToolsVersion = 14.3.1;
						TestTargetID = FCEA8A002AA4415C001C4108;
					};
					FCEA8A002AA4415C001C4108 = {
						CreatedOnToolsVersion = 14.3.1;
					};
				};
			};
			buildConfigurationList = FCEA89FC2AA4415C001C4108 /* Build configuration list for PBXProject "Solid Principles" */;
			compatibilityVersion = "Xcode 14.0";
			developmentRegion = en;
			hasScannedForEncodings = 0;
			knownRegions = (
				en,
				Base,
			);
			mainGroup = FCEA89F82AA4415C001C4108;
			productRefGroup = FCEA8A022AA4415C001C4108 /* Products */;
			projectDirPath = "";
			projectRoot = "";
			targets = (
				FCEA8A002AA4415C001C4108 /* Solid Principles */,
				FC233BD32AA8ACC900E5CBF2 /* Solid PrinciplesTests */,
			);
		};
/* End PBXProject section */

/* Begin PBXResourcesBuildPhase section */
		FC233BD22AA8ACC900E5CBF2 /* Resources */ = {
			isa = PBXResourcesBuildPhase;
			buildActionMask = 2147483647;
			files = (
			);
			runOnlyForDeploymentPostprocessing = 0;
		};
		FCEA89FF2AA4415C001C4108 /* Resources */ = {
			isa = PBXResourcesBuildPhase;
			buildActionMask = 2147483647;
			files = (
				FCEA8A0C2AA4415D001C4108 /* Preview Assets.xcassets in Resources */,
				FCEA8A092AA4415D001C4108 /* Assets.xcassets in Resources */,
			);
			runOnlyForDeploymentPostprocessing = 0;
		};
/* End PBXResourcesBuildPhase section */

/* Begin PBXShellScriptBuildPhase section */
		5873EB0E2C57C991F5373D25 /* [CP] Check Pods Manifest.lock */ = {
			isa = PBXShellScriptBuildPhase;
			buildActionMask = 2147483647;
			files = (
			);
			inputFileListPaths = (
			);
			inputPaths = (
				"${PODS_PODFILE_DIR_PATH}/Podfile.lock",
				"${PODS_ROOT}/Manifest.lock",
			);
			name = "[CP] Check Pods Manifest.lock";
			outputFileListPaths = (
			);
			outputPaths = (
				"$(DERIVED_FILE_DIR)/Pods-Solid Principles-checkManifestLockResult.txt",
			);
			runOnlyForDeploymentPostprocessing = 0;
			shellPath = /bin/sh;
			shellScript = "diff \"${PODS_PODFILE_DIR_PATH}/Podfile.lock\" \"${PODS_ROOT}/Manifest.lock\" > /dev/null\nif [ $? != 0 ] ; then\n    # print error to STDERR\n    echo \"error: The sandbox is not in sync with the Podfile.lock. Run 'pod install' or update your CocoaPods installation.\" >&2\n    exit 1\nfi\n# This output is used by Xcode 'outputs' to avoid re-running this script phase.\necho \"SUCCESS\" > \"${SCRIPT_OUTPUT_FILE_0}\"\n";
			showEnvVarsInLog = 0;
		};
		AF711176ACEB79EA8CE6E437 /* [CP] Embed Pods Frameworks */ = {
			isa = PBXShellScriptBuildPhase;
			buildActionMask = 2147483647;
			files = (
			);
			inputFileListPaths = (
				"${PODS_ROOT}/Target Support Files/Pods-Solid PrinciplesTests/Pods-Solid PrinciplesTests-frameworks-${CONFIGURATION}-input-files.xcfilelist",
			);
			name = "[CP] Embed Pods Frameworks";
			outputFileListPaths = (
				"${PODS_ROOT}/Target Support Files/Pods-Solid PrinciplesTests/Pods-Solid PrinciplesTests-frameworks-${CONFIGURATION}-output-files.xcfilelist",
			);
			runOnlyForDeploymentPostprocessing = 0;
			shellPath = /bin/sh;
			shellScript = "\"${PODS_ROOT}/Target Support Files/Pods-Solid PrinciplesTests/Pods-Solid PrinciplesTests-frameworks.sh\"\n";
			showEnvVarsInLog = 0;
		};
		CD04A354E9AFCD4F4DAEF946 /* [CP] Check Pods Manifest.lock */ = {
			isa = PBXShellScriptBuildPhase;
			buildActionMask = 2147483647;
			files = (
			);
			inputFileListPaths = (
			);
			inputPaths = (
				"${PODS_PODFILE_DIR_PATH}/Podfile.lock",
				"${PODS_ROOT}/Manifest.lock",
			);
			name = "[CP] Check Pods Manifest.lock";
			outputFileListPaths = (
			);
			outputPaths = (
				"$(DERIVED_FILE_DIR)/Pods-Solid PrinciplesTests-checkManifestLockResult.txt",
			);
			runOnlyForDeploymentPostprocessing = 0;
			shellPath = /bin/sh;
			shellScript = "diff \"${PODS_PODFILE_DIR_PATH}/Podfile.lock\" \"${PODS_ROOT}/Manifest.lock\" > /dev/null\nif [ $? != 0 ] ; then\n    # print error to STDERR\n    echo \"error: The sandbox is not in sync with the Podfile.lock. Run 'pod install' or update your CocoaPods installation.\" >&2\n    exit 1\nfi\n# This output is used by Xcode 'outputs' to avoid re-running this script phase.\necho \"SUCCESS\" > \"${SCRIPT_OUTPUT_FILE_0}\"\n";
			showEnvVarsInLog = 0;
		};
/* End PBXShellScriptBuildPhase section */

/* Begin PBXSourcesBuildPhase section */
		FC233BD02AA8ACC900E5CBF2 /* Sources */ = {
			isa = PBXSourcesBuildPhase;
			buildActionMask = 2147483647;
			files = (
				FC233BD72AA8ACC900E5CBF2 /* Solid_PrinciplesTests.swift in Sources */,
			);
			runOnlyForDeploymentPostprocessing = 0;
		};
		FCEA89FD2AA4415C001C4108 /* Sources */ = {
			isa = PBXSourcesBuildPhase;
			buildActionMask = 2147483647;
			files = (
				FC233BCF2AA8AC9800E5CBF2 /* CoreDataManager.swift in Sources */,
				FC233BCA2AA8331700E5CBF2 /* NetworkService.swift in Sources */,
				FCEA8A142AA45AE3001C4108 /* ResponseViewModel.swift in Sources */,
				FCEA8A072AA4415C001C4108 /* ContentView.swift in Sources */,
				FCEA8A172AA45BDA001C4108 /* ResponseModel.swift in Sources */,
				FC233BE72AA8AF6700E5CBF2 /* Comment+CoreDataProperties.swift in Sources */,
				FC233BDF2AA8AE8B00E5CBF2 /* SolidPrinciples.xcdatamodeld in Sources */,
				FC233BE42AA8AF6700E5CBF2 /* User+CoreDataClass.swift in Sources */,
				FCEA8A052AA4415C001C4108 /* Solid_PrinciplesApp.swift in Sources */,
				FC233BE52AA8AF6700E5CBF2 /* User+CoreDataProperties.swift in Sources */,
				FC233BE62AA8AF6700E5CBF2 /* Comment+CoreDataClass.swift in Sources */,
			);
			runOnlyForDeploymentPostprocessing = 0;
		};
/* End PBXSourcesBuildPhase section */

/* Begin PBXTargetDependency section */
		FC233BD92AA8ACC900E5CBF2 /* PBXTargetDependency */ = {
			isa = PBXTargetDependency;
			target = FCEA8A002AA4415C001C4108 /* Solid Principles */;
			targetProxy = FC233BD82AA8ACC900E5CBF2 /* PBXContainerItemProxy */;
		};
/* End PBXTargetDependency section */

/* Begin XCBuildConfiguration section */
		FC233BDB2AA8ACC900E5CBF2 /* Debug */ = {
			isa = XCBuildConfiguration;
			baseConfigurationReference = 3F3E89F201ED7E18829E160E /* Pods-Solid PrinciplesTests.debug.xcconfig */;
			buildSettings = {
				BUNDLE_LOADER = "$(TEST_HOST)";
				CODE_SIGN_STYLE = Automatic;
				CURRENT_PROJECT_VERSION = 1;
				DEVELOPMENT_TEAM = WG82N7RN8M;
				GENERATE_INFOPLIST_FILE = YES;
				MARKETING_VERSION = 1.0;
				PRODUCT_BUNDLE_IDENTIFIER = "com.peo.deep.universal.link.Solid-PrinciplesTests";
				PRODUCT_NAME = "$(TARGET_NAME)";
				SWIFT_EMIT_LOC_STRINGS = NO;
				SWIFT_VERSION = 5.0;
				TARGETED_DEVICE_FAMILY = "1,2";
				TEST_HOST = "$(BUILT_PRODUCTS_DIR)/Solid Principles.app/$(BUNDLE_EXECUTABLE_FOLDER_PATH)/Solid Principles";
			};
			name = Debug;
		};
		FC233BDC2AA8ACC900E5CBF2 /* Release */ = {
			isa = XCBuildConfiguration;
			baseConfigurationReference = 2F03AB98FEB0EE226015A140 /* Pods-Solid PrinciplesTests.release.xcconfig */;
			buildSettings = {
				BUNDLE_LOADER = "$(TEST_HOST)";
				CODE_SIGN_STYLE = Automatic;
				CURRENT_PROJECT_VERSION = 1;
				DEVELOPMENT_TEAM = WG82N7RN8M;
				GENERATE_INFOPLIST_FILE = YES;
				MARKETING_VERSION = 1.0;
				PRODUCT_BUNDLE_IDENTIFIER = "com.peo.deep.universal.link.Solid-PrinciplesTests";
				PRODUCT_NAME = "$(TARGET_NAME)";
				SWIFT_EMIT_LOC_STRINGS = NO;
				SWIFT_VERSION = 5.0;
				TARGETED_DEVICE_FAMILY = "1,2";
				TEST_HOST = "$(BUILT_PRODUCTS_DIR)/Solid Principles.app/$(BUNDLE_EXECUTABLE_FOLDER_PATH)/Solid Principles";
			};
			name = Release;
		};
		FCEA8A0D2AA4415D001C4108 /* Debug */ = {
			isa = XCBuildConfiguration;
			buildSettings = {
				ALWAYS_SEARCH_USER_PATHS = NO;
				CLANG_ANALYZER_NONNULL = YES;
				CLANG_ANALYZER_NUMBER_OBJECT_CONVERSION = YES_AGGRESSIVE;
				CLANG_CXX_LANGUAGE_STANDARD = "gnu++20";
				CLANG_ENABLE_MODULES = YES;
				CLANG_ENABLE_OBJC_ARC = YES;
				CLANG_ENABLE_OBJC_WEAK = YES;
				CLANG_WARN_BLOCK_CAPTURE_AUTORELEASING = YES;
				CLANG_WARN_BOOL_CONVERSION = YES;
				CLANG_WARN_COMMA = YES;
				CLANG_WARN_CONSTANT_CONVERSION = YES;
				CLANG_WARN_DEPRECATED_OBJC_IMPLEMENTATIONS = YES;
				CLANG_WARN_DIRECT_OBJC_ISA_USAGE = YES_ERROR;
				CLANG_WARN_DOCUMENTATION_COMMENTS = YES;
				CLANG_WARN_EMPTY_BODY = YES;
				CLANG_WARN_ENUM_CONVERSION = YES;
				CLANG_WARN_INFINITE_RECURSION = YES;
				CLANG_WARN_INT_CONVERSION = YES;
				CLANG_WARN_NON_LITERAL_NULL_CONVERSION = YES;
				CLANG_WARN_OBJC_IMPLICIT_RETAIN_SELF = YES;
				CLANG_WARN_OBJC_LITERAL_CONVERSION = YES;
				CLANG_WARN_OBJC_ROOT_CLASS = YES_ERROR;
				CLANG_WARN_QUOTED_INCLUDE_IN_FRAMEWORK_HEADER = YES;
				CLANG_WARN_RANGE_LOOP_ANALYSIS = YES;
				CLANG_WARN_STRICT_PROTOTYPES = YES;
				CLANG_WARN_SUSPICIOUS_MOVE = YES;
				CLANG_WARN_UNGUARDED_AVAILABILITY = YES_AGGRESSIVE;
				CLANG_WARN_UNREACHABLE_CODE = YES;
				CLANG_WARN__DUPLICATE_METHOD_MATCH = YES;
				COPY_PHASE_STRIP = NO;
				DEBUG_INFORMATION_FORMAT = dwarf;
				ENABLE_STRICT_OBJC_MSGSEND = YES;
				ENABLE_TESTABILITY = YES;
				GCC_C_LANGUAGE_STANDARD = gnu11;
				GCC_DYNAMIC_NO_PIC = NO;
				GCC_NO_COMMON_BLOCKS = YES;
				GCC_OPTIMIZATION_LEVEL = 0;
				GCC_PREPROCESSOR_DEFINITIONS = (
					"DEBUG=1",
					"$(inherited)",
				);
				GCC_WARN_64_TO_32_BIT_CONVERSION = YES;
				GCC_WARN_ABOUT_RETURN_TYPE = YES_ERROR;
				GCC_WARN_UNDECLARED_SELECTOR = YES;
				GCC_WARN_UNINITIALIZED_AUTOS = YES_AGGRESSIVE;
				GCC_WARN_UNUSED_FUNCTION = YES;
				GCC_WARN_UNUSED_VARIABLE = YES;
				IPHONEOS_DEPLOYMENT_TARGET = 16.4;
				MTL_ENABLE_DEBUG_INFO = INCLUDE_SOURCE;
				MTL_FAST_MATH = YES;
				ONLY_ACTIVE_ARCH = YES;
				SDKROOT = iphoneos;
				SWIFT_ACTIVE_COMPILATION_CONDITIONS = DEBUG;
				SWIFT_OPTIMIZATION_LEVEL = "-Onone";
			};
			name = Debug;
		};
		FCEA8A0E2AA4415D001C4108 /* Release */ = {
			isa = XCBuildConfiguration;
			buildSettings = {
				ALWAYS_SEARCH_USER_PATHS = NO;
				CLANG_ANALYZER_NONNULL = YES;
				CLANG_ANALYZER_NUMBER_OBJECT_CONVERSION = YES_AGGRESSIVE;
				CLANG_CXX_LANGUAGE_STANDARD = "gnu++20";
				CLANG_ENABLE_MODULES = YES;
				CLANG_ENABLE_OBJC_ARC = YES;
				CLANG_ENABLE_OBJC_WEAK = YES;
				CLANG_WARN_BLOCK_CAPTURE_AUTORELEASING = YES;
				CLANG_WARN_BOOL_CONVERSION = YES;
				CLANG_WARN_COMMA = YES;
				CLANG_WARN_CONSTANT_CONVERSION = YES;
				CLANG_WARN_DEPRECATED_OBJC_IMPLEMENTATIONS = YES;
				CLANG_WARN_DIRECT_OBJC_ISA_USAGE = YES_ERROR;
				CLANG_WARN_DOCUMENTATION_COMMENTS = YES;
				CLANG_WARN_EMPTY_BODY = YES;
				CLANG_WARN_ENUM_CONVERSION = YES;
				CLANG_WARN_INFINITE_RECURSION = YES;
				CLANG_WARN_INT_CONVERSION = YES;
				CLANG_WARN_NON_LITERAL_NULL_CONVERSION = YES;
				CLANG_WARN_OBJC_IMPLICIT_RETAIN_SELF = YES;
				CLANG_WARN_OBJC_LITERAL_CONVERSION = YES;
				CLANG_WARN_OBJC_ROOT_CLASS = YES_ERROR;
				CLANG_WARN_QUOTED_INCLUDE_IN_FRAMEWORK_HEADER = YES;
				CLANG_WARN_RANGE_LOOP_ANALYSIS = YES;
				CLANG_WARN_STRICT_PROTOTYPES = YES;
				CLANG_WARN_SUSPICIOUS_MOVE = YES;
				CLANG_WARN_UNGUARDED_AVAILABILITY = YES_AGGRESSIVE;
				CLANG_WARN_UNREACHABLE_CODE = YES;
				CLANG_WARN__DUPLICATE_METHOD_MATCH = YES;
				COPY_PHASE_STRIP = NO;
				DEBUG_INFORMATION_FORMAT = "dwarf-with-dsym";
				ENABLE_NS_ASSERTIONS = NO;
				ENABLE_STRICT_OBJC_MSGSEND = YES;
				GCC_C_LANGUAGE_STANDARD = gnu11;
				GCC_NO_COMMON_BLOCKS = YES;
				GCC_WARN_64_TO_32_BIT_CONVERSION = YES;
				GCC_WARN_ABOUT_RETURN_TYPE = YES_ERROR;
				GCC_WARN_UNDECLARED_SELECTOR = YES;
				GCC_WARN_UNINITIALIZED_AUTOS = YES_AGGRESSIVE;
				GCC_WARN_UNUSED_FUNCTION = YES;
				GCC_WARN_UNUSED_VARIABLE = YES;
				IPHONEOS_DEPLOYMENT_TARGET = 16.4;
				MTL_ENABLE_DEBUG_INFO = NO;
				MTL_FAST_MATH = YES;
				SDKROOT = iphoneos;
				SWIFT_COMPILATION_MODE = wholemodule;
				SWIFT_OPTIMIZATION_LEVEL = "-O";
				VALIDATE_PRODUCT = YES;
			};
			name = Release;
		};
		FCEA8A102AA4415D001C4108 /* Debug */ = {
			isa = XCBuildConfiguration;
			baseConfigurationReference = E7BFE8B7718C846D3CA5A260 /* Pods-Solid Principles.debug.xcconfig */;
			buildSettings = {
				ASSETCATALOG_COMPILER_APPICON_NAME = AppIcon;
				ASSETCATALOG_COMPILER_GLOBAL_ACCENT_COLOR_NAME = AccentColor;
				CODE_SIGN_STYLE = Automatic;
				CURRENT_PROJECT_VERSION = 1;
				DEVELOPMENT_ASSET_PATHS = "\"Solid Principles/Preview Content\"";
				DEVELOPMENT_TEAM = WG82N7RN8M;
				ENABLE_PREVIEWS = YES;
				GENERATE_INFOPLIST_FILE = YES;
				INFOPLIST_KEY_UIApplicationSceneManifest_Generation = YES;
				INFOPLIST_KEY_UIApplicationSupportsIndirectInputEvents = YES;
				INFOPLIST_KEY_UILaunchScreen_Generation = YES;
				INFOPLIST_KEY_UISupportedInterfaceOrientations_iPad = "UIInterfaceOrientationPortrait UIInterfaceOrientationPortraitUpsideDown UIInterfaceOrientationLandscapeLeft UIInterfaceOrientationLandscapeRight";
				INFOPLIST_KEY_UISupportedInterfaceOrientations_iPhone = "UIInterfaceOrientationPortrait UIInterfaceOrientationLandscapeLeft UIInterfaceOrientationLandscapeRight";
				LD_RUNPATH_SEARCH_PATHS = (
					"$(inherited)",
					"@executable_path/Frameworks",
				);
				MARKETING_VERSION = 1.0;
				PRODUCT_BUNDLE_IDENTIFIER = "com.peo.deep.universal.link.Solid-Principles";
				PRODUCT_NAME = "$(TARGET_NAME)";
				SWIFT_EMIT_LOC_STRINGS = YES;
				SWIFT_VERSION = 5.0;
				TARGETED_DEVICE_FAMILY = "1,2";
			};
			name = Debug;
		};
		FCEA8A112AA4415D001C4108 /* Release */ = {
			isa = XCBuildConfiguration;
			baseConfigurationReference = 783AB0638BEE7B5C086C48B0 /* Pods-Solid Principles.release.xcconfig */;
			buildSettings = {
				ASSETCATALOG_COMPILER_APPICON_NAME = AppIcon;
				ASSETCATALOG_COMPILER_GLOBAL_ACCENT_COLOR_NAME = AccentColor;
				CODE_SIGN_STYLE = Automatic;
				CURRENT_PROJECT_VERSION = 1;
				DEVELOPMENT_ASSET_PATHS = "\"Solid Principles/Preview Content\"";
				DEVELOPMENT_TEAM = WG82N7RN8M;
				ENABLE_PREVIEWS = YES;
				GENERATE_INFOPLIST_FILE = YES;
				INFOPLIST_KEY_UIApplicationSceneManifest_Generation = YES;
				INFOPLIST_KEY_UIApplicationSupportsIndirectInputEvents = YES;
				INFOPLIST_KEY_UILaunchScreen_Generation = YES;
				INFOPLIST_KEY_UISupportedInterfaceOrientations_iPad = "UIInterfaceOrientationPortrait UIInterfaceOrientationPortraitUpsideDown UIInterfaceOrientationLandscapeLeft UIInterfaceOrientationLandscapeRight";
				INFOPLIST_KEY_UISupportedInterfaceOrientations_iPhone = "UIInterfaceOrientationPortrait UIInterfaceOrientationLandscapeLeft UIInterfaceOrientationLandscapeRight";
				LD_RUNPATH_SEARCH_PATHS = (
					"$(inherited)",
					"@executable_path/Frameworks",
				);
				MARKETING_VERSION = 1.0;
				PRODUCT_BUNDLE_IDENTIFIER = "com.peo.deep.universal.link.Solid-Principles";
				PRODUCT_NAME = "$(TARGET_NAME)";
				SWIFT_EMIT_LOC_STRINGS = YES;
				SWIFT_VERSION = 5.0;
				TARGETED_DEVICE_FAMILY = "1,2";
			};
			name = Release;
		};
/* End XCBuildConfiguration section */

/* Begin XCConfigurationList section */
		FC233BDA2AA8ACC900E5CBF2 /* Build configuration list for PBXNativeTarget "Solid PrinciplesTests" */ = {
			isa = XCConfigurationList;
			buildConfigurations = (
				FC233BDB2AA8ACC900E5CBF2 /* Debug */,
				FC233BDC2AA8ACC900E5CBF2 /* Release */,
			);
			defaultConfigurationIsVisible = 0;
			defaultConfigurationName = Release;
		};
		FCEA89FC2AA4415C001C4108 /* Build configuration list for PBXProject "Solid Principles" */ = {
			isa = XCConfigurationList;
			buildConfigurations = (
				FCEA8A0D2AA4415D001C4108 /* Debug */,
				FCEA8A0E2AA4415D001C4108 /* Release */,
			);
			defaultConfigurationIsVisible = 0;
			defaultConfigurationName = Release;
		};
		FCEA8A0F2AA4415D001C4108 /* Build configuration list for PBXNativeTarget "Solid Principles" */ = {
			isa = XCConfigurationList;
			buildConfigurations = (
				FCEA8A102AA4415D001C4108 /* Debug */,
				FCEA8A112AA4415D001C4108 /* Release */,
			);
			defaultConfigurationIsVisible = 0;
			defaultConfigurationName = Release;
		};
/* End XCConfigurationList section */

/* Begin XCVersionGroup section */
		FC233BDD2AA8AE8B00E5CBF2 /* SolidPrinciples.xcdatamodeld */ = {
			isa = XCVersionGroup;
			children = (
				FC233BDE2AA8AE8B00E5CBF2 /* SolidPrinciples.xcdatamodel */,
			);
			currentVersion = FC233BDE2AA8AE8B00E5CBF2 /* SolidPrinciples.xcdatamodel */;
			path = SolidPrinciples.xcdatamodeld;
			sourceTree = "<group>";
			versionGroupType = wrapper.xcdatamodel;
		};
/* End XCVersionGroup section */
	};
	rootObject = FCEA89F92AA4415C001C4108 /* Project object */;
}
